
Microsoft Visual Studio Solution File, Format Version 12.00
# Visual Studio Version 16
Project("{8BC9CEB8-8B4A-11D0-8D11-00A0C91BC942}") = "ALL_BUILD", "ALL_BUILD.vcxproj", "{8B4FB219-C8BD-3C06-B54E-1A8E196B5657}"
	ProjectSection(ProjectDependencies) = postProject
		{70EDCCE1-6F6B-33DA-8298-B5684BB2A197} = {70EDCCE1-6F6B-33DA-8298-B5684BB2A197}
		{3BB869E3-25C6-3639-BE60-42EE9EEF1D47} = {3BB869E3-25C6-3639-BE60-42EE9EEF1D47}
	EndProjectSection
EndProject
Project("{8BC9CEB8-8B4A-11D0-8D11-00A0C91BC942}") = "Calibration_Ring", "Calibration_Ring.vcxproj", "{70EDCCE1-6F6B-33DA-8298-B5684BB2A197}"
	ProjectSection(ProjectDependencies) = postProject
		{3BB869E3-25C6-3639-BE60-42EE9EEF1D47} = {3BB869E3-25C6-3639-BE60-42EE9EEF1D47}
	EndProjectSection
EndProject
Project("{8BC9CEB8-8B4A-11D0-8D11-00A0C91BC942}") = "ZERO_CHECK", "..\..\\ZERO_CHECK.vcxproj", "{3BB869E3-25C6-3639-BE60-42EE9EEF1D47}"
	ProjectSection(ProjectDependencies) = postProject
	EndProjectSection
EndProject
Global
	GlobalSection(SolutionConfigurationPlatforms) = preSolution
		Debug|x64 = Debug|x64
		Release|x64 = Release|x64
		MinSizeRel|x64 = MinSizeRel|x64
		RelWithDebInfo|x64 = RelWithDebInfo|x64
	EndGlobalSection
	GlobalSection(ProjectConfigurationPlatforms) = postSolution
		{8B4FB219-C8BD-3C06-B54E-1A8E196B5657}.Debug|x64.ActiveCfg = Debug|x64
		{8B4FB219-C8BD-3C06-B54E-1A8E196B5657}.Release|x64.ActiveCfg = Release|x64
		{8B4FB219-C8BD-3C06-B54E-1A8E196B5657}.MinSizeRel|x64.ActiveCfg = MinSizeRel|x64
		{8B4FB219-C8BD-3C06-B54E-1A8E196B5657}.RelWithDebInfo|x64.ActiveCfg = RelWithDebInfo|x64
		{70EDCCE1-6F6B-33DA-8298-B5684BB2A197}.Debug|x64.ActiveCfg = Debug|x64
		{70EDCCE1-6F6B-33DA-8298-B5684BB2A197}.Debug|x64.Build.0 = Debug|x64
		{70EDCCE1-6F6B-33DA-8298-B5684BB2A197}.Release|x64.ActiveCfg = Release|x64
		{70EDCCE1-6F6B-33DA-8298-B5684BB2A197}.Release|x64.Build.0 = Release|x64
		{70EDCCE1-6F6B-33DA-8298-B5684BB2A197}.MinSizeRel|x64.ActiveCfg = MinSizeRel|x64
		{70EDCCE1-6F6B-33DA-8298-B5684BB2A197}.MinSizeRel|x64.Build.0 = MinSizeRel|x64
		{70EDCCE1-6F6B-33DA-8298-B5684BB2A197}.RelWithDebInfo|x64.ActiveCfg = RelWithDebInfo|x64
		{70EDCCE1-6F6B-33DA-8298-B5684BB2A197}.RelWithDebInfo|x64.Build.0 = RelWithDebInfo|x64
		{3BB869E3-25C6-3639-BE60-42EE9EEF1D47}.Debug|x64.ActiveCfg = Debug|x64
		{3BB869E3-25C6-3639-BE60-42EE9EEF1D47}.Debug|x64.Build.0 = Debug|x64
		{3BB869E3-25C6-3639-BE60-42EE9EEF1D47}.Release|x64.ActiveCfg = Release|x64
		{3BB869E3-25C6-3639-BE60-42EE9EEF1D47}.Release|x64.Build.0 = Release|x64
		{3BB869E3-25C6-3639-BE60-42EE9EEF1D47}.MinSizeRel|x64.ActiveCfg = MinSizeRel|x64
		{3BB869E3-25C6-3639-BE60-42EE9EEF1D47}.MinSizeRel|x64.Build.0 = MinSizeRel|x64
		{3BB869E3-25C6-3639-BE60-42EE9EEF1D47}.RelWithDebInfo|x64.ActiveCfg = RelWithDebInfo|x64
		{3BB869E3-25C6-3639-BE60-42EE9EEF1D47}.RelWithDebInfo|x64.Build.0 = RelWithDebInfo|x64
	EndGlobalSection
	GlobalSection(ExtensibilityGlobals) = postSolution
		SolutionGuid = {47157FE2-A361-329A-8604-64DCCD7BAC53}
	EndGlobalSection
	GlobalSection(ExtensibilityAddIns) = postSolution
	EndGlobalSection
EndGlobal
